
Microsoft Visual Studio Solution File, Format Version 12.00
# Visual Studio Version 17
VisualStudioVersion = 17.11.35303.130
MinimumVisualStudioVersion = 10.0.40219.1
Project("{FAE04EC0-301F-11D3-BF4B-00C04F79EFBC}") = "BackroomsProject", "BackroomsProject\BackroomsProject.csproj", "{9FF93277-5CAF-4D29-BE2D-4CD0CCE0A558}"
EndProject
Global
	GlobalSection(SolutionConfigurationPlatforms) = preSolution
		Debug|Any CPU = Debug|Any CPU
		Release|Any CPU = Release|Any CPU
	EndGlobalSection
	GlobalSection(ProjectConfigurationPlatforms) = postSolution
		{9FF93277-5CAF-4D29-BE2D-4CD0CCE0A558}.Debug|Any CPU.ActiveCfg = Debug|Any CPU
		{9FF93277-5CAF-4D29-BE2D-4CD0CCE0A558}.Debug|Any CPU.Build.0 = Debug|Any CPU
		{9FF93277-5CAF-4D29-BE2D-4CD0CCE0A558}.Release|Any CPU.ActiveCfg = Release|Any CPU
		{9FF93277-5CAF-4D29-BE2D-4CD0CCE0A558}.Release|Any CPU.Build.0 = Release|Any CPU
	EndGlobalSection
	GlobalSection(SolutionProperties) = preSolution
		HideSolutionNode = FALSE
	EndGlobalSection
	GlobalSection(ExtensibilityGlobals) = postSolution
		SolutionGuid = {E4405F22-72C4-45CF-9893-CC2E88B5D335}
	EndGlobalSection
EndGlobal
